
Microsoft Visual Studio Solution File, Format Version 11.00
# Visual Studio 2010
Project("{FAE04EC0-301F-11D3-BF4B-00C04F79EFBC}") = "AsynchronousLog4NetAppenders", "src\AsynchronousLog4NetAppenders\AsynchronousLog4NetAppenders.csproj", "{B57BE579-B7B1-4991-AFD1-5EFC5F208FD3}"
EndProject
Project("{FAE04EC0-301F-11D3-BF4B-00C04F79EFBC}") = "AsynchronousLog4NetAppenders.Tests", "src\AsynchronousLog4NetAppenders.Tests\AsynchronousLog4NetAppenders.Tests.csproj", "{932AA3BF-3700-4E08-95E0-CF079A9289BA}"
EndProject
Global
	GlobalSection(SolutionConfigurationPlatforms) = preSolution
		Debug|Any CPU = Debug|Any CPU
		Release|Any CPU = Release|Any CPU
	EndGlobalSection
	GlobalSection(ProjectConfigurationPlatforms) = postSolution
		{B57BE579-B7B1-4991-AFD1-5EFC5F208FD3}.Debug|Any CPU.ActiveCfg = Debug|Any CPU
		{B57BE579-B7B1-4991-AFD1-5EFC5F208FD3}.Debug|Any CPU.Build.0 = Debug|Any CPU
		{B57BE579-B7B1-4991-AFD1-5EFC5F208FD3}.Release|Any CPU.ActiveCfg = Release|Any CPU
		{B57BE579-B7B1-4991-AFD1-5EFC5F208FD3}.Release|Any CPU.Build.0 = Release|Any CPU
		{932AA3BF-3700-4E08-95E0-CF079A9289BA}.Debug|Any CPU.ActiveCfg = Debug|Any CPU
		{932AA3BF-3700-4E08-95E0-CF079A9289BA}.Debug|Any CPU.Build.0 = Debug|Any CPU
		{932AA3BF-3700-4E08-95E0-CF079A9289BA}.Release|Any CPU.ActiveCfg = Release|Any CPU
		{932AA3BF-3700-4E08-95E0-CF079A9289BA}.Release|Any CPU.Build.0 = Release|Any CPU
	EndGlobalSection
	GlobalSection(SolutionProperties) = preSolution
		HideSolutionNode = FALSE
	EndGlobalSection
EndGlobal
